
Microsoft Visual Studio Solution File, Format Version 12.00
# Visual Studio Version 16
VisualStudioVersion = 16.0.28407.52
MinimumVisualStudioVersion = 10.0.40219.1
Project("{9A19103F-16F7-4668-BE54-9A1E7A4F7556}") = "MT.Notifications", "MT.Notifications\MT.Notifications.csproj", "{D7274594-4FE0-44EF-BF4B-0AA4219A3F7F}"
EndProject
Project("{FAE04EC0-301F-11D3-BF4B-00C04F79EFBC}") = "SampleApp", "SampleApp\SampleApp.csproj", "{15DDA502-1FB4-402F-9BCF-BA969831E9CD}"
EndProject
Project("{2150E333-8FDC-42A3-9474-1A3956D46DE8}") = "Solution Items", "Solution Items", "{3DB49AEC-51E8-4B44-9A5D-0B59FF3C237C}"
	ProjectSection(SolutionItems) = preProject
		licence.txt = licence.txt
		nuget\MT.Notifications.1.2.0.nupkg = nuget\MT.Notifications.1.2.0.nupkg
	EndProjectSection
EndProject
Global
	GlobalSection(SolutionConfigurationPlatforms) = preSolution
		Debug|Any CPU = Debug|Any CPU
		Release|Any CPU = Release|Any CPU
	EndGlobalSection
	GlobalSection(ProjectConfigurationPlatforms) = postSolution
		{D7274594-4FE0-44EF-BF4B-0AA4219A3F7F}.Debug|Any CPU.ActiveCfg = Debug|Any CPU
		{D7274594-4FE0-44EF-BF4B-0AA4219A3F7F}.Debug|Any CPU.Build.0 = Debug|Any CPU
		{D7274594-4FE0-44EF-BF4B-0AA4219A3F7F}.Release|Any CPU.ActiveCfg = Release|Any CPU
		{D7274594-4FE0-44EF-BF4B-0AA4219A3F7F}.Release|Any CPU.Build.0 = Release|Any CPU
		{15DDA502-1FB4-402F-9BCF-BA969831E9CD}.Debug|Any CPU.ActiveCfg = Debug|Any CPU
		{15DDA502-1FB4-402F-9BCF-BA969831E9CD}.Debug|Any CPU.Build.0 = Debug|Any CPU
		{15DDA502-1FB4-402F-9BCF-BA969831E9CD}.Release|Any CPU.ActiveCfg = Release|Any CPU
		{15DDA502-1FB4-402F-9BCF-BA969831E9CD}.Release|Any CPU.Build.0 = Release|Any CPU
	EndGlobalSection
	GlobalSection(SolutionProperties) = preSolution
		HideSolutionNode = FALSE
	EndGlobalSection
	GlobalSection(ExtensibilityGlobals) = postSolution
		SolutionGuid = {EA20EB28-29AA-406F-AD68-37B54929D4B1}
	EndGlobalSection
EndGlobal
