
Microsoft Visual Studio Solution File, Format Version 12.00
# Visual Studio 15
VisualStudioVersion = 15.0.26430.15
MinimumVisualStudioVersion = 10.0.40219.1
Project("{FAE04EC0-301F-11D3-BF4B-00C04F79EFBC}") = "MT.Notifications", "MT.Notifications\MT.Notifications.csproj", "{D7274594-4FE0-44EF-BF4B-0AA4219A3F7F}"
EndProject
Project("{FAE04EC0-301F-11D3-BF4B-00C04F79EFBC}") = "SampleApp", "SampleApp\SampleApp.csproj", "{15DDA502-1FB4-402F-9BCF-BA969831E9CD}"
EndProject
Global
	GlobalSection(SolutionConfigurationPlatforms) = preSolution
		Debug|Any CPU = Debug|Any CPU
		Release|Any CPU = Release|Any CPU
	EndGlobalSection
	GlobalSection(ProjectConfigurationPlatforms) = postSolution
		{D7274594-4FE0-44EF-BF4B-0AA4219A3F7F}.Debug|Any CPU.ActiveCfg = Debug|Any CPU
		{D7274594-4FE0-44EF-BF4B-0AA4219A3F7F}.Debug|Any CPU.Build.0 = Debug|Any CPU
		{D7274594-4FE0-44EF-BF4B-0AA4219A3F7F}.Release|Any CPU.ActiveCfg = Release|Any CPU
		{D7274594-4FE0-44EF-BF4B-0AA4219A3F7F}.Release|Any CPU.Build.0 = Release|Any CPU
		{15DDA502-1FB4-402F-9BCF-BA969831E9CD}.Debug|Any CPU.ActiveCfg = Debug|Any CPU
		{15DDA502-1FB4-402F-9BCF-BA969831E9CD}.Debug|Any CPU.Build.0 = Debug|Any CPU
		{15DDA502-1FB4-402F-9BCF-BA969831E9CD}.Release|Any CPU.ActiveCfg = Release|Any CPU
		{15DDA502-1FB4-402F-9BCF-BA969831E9CD}.Release|Any CPU.Build.0 = Release|Any CPU
	EndGlobalSection
	GlobalSection(SolutionProperties) = preSolution
		HideSolutionNode = FALSE
	EndGlobalSection
EndGlobal
